
Microsoft Visual Studio Solution File, Format Version 12.00
# Visual Studio Version 16
VisualStudioVersion = 16.0.31911.196
MinimumVisualStudioVersion = 10.0.40219.1
Project("{FAE04EC0-301F-11D3-BF4B-00C04F79EFBC}") = "nic_z_tego_nie_bd", "nic_z_tego_nie_bd\nic_z_tego_nie_bd.csproj", "{50DCB399-F8FF-433B-8D72-F89F3E506043}"
EndProject
Global
	GlobalSection(SolutionConfigurationPlatforms) = preSolution
		Debug|Any CPU = Debug|Any CPU
		Release|Any CPU = Release|Any CPU
	EndGlobalSection
	GlobalSection(ProjectConfigurationPlatforms) = postSolution
		{50DCB399-F8FF-433B-8D72-F89F3E506043}.Debug|Any CPU.ActiveCfg = Debug|Any CPU
		{50DCB399-F8FF-433B-8D72-F89F3E506043}.Debug|Any CPU.Build.0 = Debug|Any CPU
		{50DCB399-F8FF-433B-8D72-F89F3E506043}.Release|Any CPU.ActiveCfg = Release|Any CPU
		{50DCB399-F8FF-433B-8D72-F89F3E506043}.Release|Any CPU.Build.0 = Release|Any CPU
	EndGlobalSection
	GlobalSection(SolutionProperties) = preSolution
		HideSolutionNode = FALSE
	EndGlobalSection
	GlobalSection(ExtensibilityGlobals) = postSolution
		SolutionGuid = {4EC7B2FC-5DA7-4C6E-9777-C950762E8D50}
	EndGlobalSection
EndGlobal
